
Microsoft Visual Studio Solution File, Format Version 12.00
# Visual Studio Version 17
VisualStudioVersion = 17.8.34525.116
MinimumVisualStudioVersion = 10.0.40219.1
Project("{2150E333-8FDC-42A3-9474-1A3956D46DE8}") = "src", "src", "{3E016274-F6EC-4830-A186-F4255B618212}"
EndProject
Project("{2150E333-8FDC-42A3-9474-1A3956D46DE8}") = "tests", "tests", "{93729587-2A03-486E-9FEA-2C106D122D9E}"
EndProject
Project("{9A19103F-16F7-4668-BE54-9A1E7A4F7556}") = "Pipedrive", "src\Pipedrive.net\Pipedrive.csproj", "{24E3FF77-1B83-48C0-A88E-D6B8F5EA6FFF}"
EndProject
Project("{9A19103F-16F7-4668-BE54-9A1E7A4F7556}") = "Pipedrive.Tests", "tests\Pipedrive.net.Tests\Pipedrive.Tests.csproj", "{91C97ABE-9B60-4971-B9C1-3003B4D74963}"
EndProject
Global
	GlobalSection(SolutionConfigurationPlatforms) = preSolution
		Debug|Any CPU = Debug|Any CPU
		Release|Any CPU = Release|Any CPU
	EndGlobalSection
	GlobalSection(ProjectConfigurationPlatforms) = postSolution
		{24E3FF77-1B83-48C0-A88E-D6B8F5EA6FFF}.Debug|Any CPU.ActiveCfg = Debug|Any CPU
		{24E3FF77-1B83-48C0-A88E-D6B8F5EA6FFF}.Debug|Any CPU.Build.0 = Debug|Any CPU
		{24E3FF77-1B83-48C0-A88E-D6B8F5EA6FFF}.Release|Any CPU.ActiveCfg = Release|Any CPU
		{24E3FF77-1B83-48C0-A88E-D6B8F5EA6FFF}.Release|Any CPU.Build.0 = Release|Any CPU
		{91C97ABE-9B60-4971-B9C1-3003B4D74963}.Debug|Any CPU.ActiveCfg = Debug|Any CPU
		{91C97ABE-9B60-4971-B9C1-3003B4D74963}.Debug|Any CPU.Build.0 = Debug|Any CPU
		{91C97ABE-9B60-4971-B9C1-3003B4D74963}.Release|Any CPU.ActiveCfg = Release|Any CPU
		{91C97ABE-9B60-4971-B9C1-3003B4D74963}.Release|Any CPU.Build.0 = Release|Any CPU
	EndGlobalSection
	GlobalSection(SolutionProperties) = preSolution
		HideSolutionNode = FALSE
	EndGlobalSection
	GlobalSection(NestedProjects) = preSolution
		{24E3FF77-1B83-48C0-A88E-D6B8F5EA6FFF} = {3E016274-F6EC-4830-A186-F4255B618212}
		{91C97ABE-9B60-4971-B9C1-3003B4D74963} = {93729587-2A03-486E-9FEA-2C106D122D9E}
	EndGlobalSection
	GlobalSection(ExtensibilityGlobals) = postSolution
		SolutionGuid = {1FD61503-ABA3-4AD4-83B8-1F50E811C38B}
	EndGlobalSection
EndGlobal
